
Microsoft Visual Studio Solution File, Format Version 12.00
# Visual Studio 15
VisualStudioVersion = 15.0.27703.2047
MinimumVisualStudioVersion = 10.0.40219.1
Project("{9A19103F-16F7-4668-BE54-9A1E7A4F7556}") = "Investbot", "Investbot\Investbot.csproj", "{F156DCA4-9285-400E-8266-448027FA523C}"
EndProject
Project("{9A19103F-16F7-4668-BE54-9A1E7A4F7556}") = "InvestbotTests", "InvestbotTests\InvestbotTests.csproj", "{4AEE2C2C-045E-4505-819C-776D2801CFE8}"
EndProject
Project("{FAE04EC0-301F-11D3-BF4B-00C04F79EFBC}") = "LissovWebsite.Interface", "LissovWebsite.Interface\LissovWebsite.Interface.csproj", "{9790C25B-7829-455A-B097-BDBD08FB3CF6}"
EndProject
Global
	GlobalSection(SolutionConfigurationPlatforms) = preSolution
		Debug|Any CPU = Debug|Any CPU
		Release|Any CPU = Release|Any CPU
	EndGlobalSection
	GlobalSection(ProjectConfigurationPlatforms) = postSolution
		{F156DCA4-9285-400E-8266-448027FA523C}.Debug|Any CPU.ActiveCfg = Debug|Any CPU
		{F156DCA4-9285-400E-8266-448027FA523C}.Debug|Any CPU.Build.0 = Debug|Any CPU
		{F156DCA4-9285-400E-8266-448027FA523C}.Release|Any CPU.ActiveCfg = Release|Any CPU
		{F156DCA4-9285-400E-8266-448027FA523C}.Release|Any CPU.Build.0 = Release|Any CPU
		{4AEE2C2C-045E-4505-819C-776D2801CFE8}.Debug|Any CPU.ActiveCfg = Debug|Any CPU
		{4AEE2C2C-045E-4505-819C-776D2801CFE8}.Debug|Any CPU.Build.0 = Debug|Any CPU
		{4AEE2C2C-045E-4505-819C-776D2801CFE8}.Release|Any CPU.ActiveCfg = Release|Any CPU
		{4AEE2C2C-045E-4505-819C-776D2801CFE8}.Release|Any CPU.Build.0 = Release|Any CPU
		{9790C25B-7829-455A-B097-BDBD08FB3CF6}.Debug|Any CPU.ActiveCfg = Debug|Any CPU
		{9790C25B-7829-455A-B097-BDBD08FB3CF6}.Debug|Any CPU.Build.0 = Debug|Any CPU
		{9790C25B-7829-455A-B097-BDBD08FB3CF6}.Release|Any CPU.ActiveCfg = Release|Any CPU
		{9790C25B-7829-455A-B097-BDBD08FB3CF6}.Release|Any CPU.Build.0 = Release|Any CPU
	EndGlobalSection
	GlobalSection(SolutionProperties) = preSolution
		HideSolutionNode = FALSE
	EndGlobalSection
	GlobalSection(ExtensibilityGlobals) = postSolution
		SolutionGuid = {E2F13CA4-CAA1-4062-8E99-45D6FC01FC50}
	EndGlobalSection
EndGlobal
